# THIS IS AN AUTOGENERATED FILE. DO NOT EDIT THIS FILE DIRECTLY.
# yarn lockfile v1


"@types/node@^9.4.6":
  version "9.6.61"
  resolved "https://registry.yarnpkg.com/@types/node/-/node-9.6.61.tgz#29f124eddd41c4c74281bd0b455d689109fc2a2d"
  integrity sha512-/aKAdg5c8n468cYLy2eQrcR5k6chlbNwZNGUj3TboyPa2hcO2QAJcfymlqPzMiRj8B6nYKXjzQz36minFE0RwQ==

typescript@~4.8.2:
  version "4.8.4"
  resolved "https://registry.yarnpkg.com/typescript/-/typescript-4.8.4.tgz#c464abca159669597be5f96b8943500b238e60e6"
  integrity sha512-QCh+85mCy+h0IGff8r5XWzOVSbBO+KfeYrMQh7NJ58QujwcE22u+NUSmUxqF+un70P9GXKxa2HCNiTTMJknyjQ==
